{
  "name": "b951_practice",
  "version": "1.0.0",
  "lockfileVersion": 2,
  "requires": true,
  "packages": {
    "": {
      "name": "b951_practice",
      "version": "1.0.0",
      "license": "ISC",
      "dependencies": {
        "b951_practice": "file:app"
      }
    },
    "app": {
      "version": "1.0.0",
      "license": "ISC"
    },
    "node_modules/b951_practice": {
      "resolved": "app",
      "link": true
    }
  },
  "dependencies": {
    "b951_practice": {
      "version": "file:app"
    }
  }
}
